# 使用方法：由 robot_control/launch/head_mapping_lock.launch.py 加载；现场差异请通过 launch 参数覆盖。
head_mapping_lock:
  ros__parameters:
    command_topic: /head_controller/commands  # 两自由度头部位置控制器命令话题
    joint_state_topic: /joint_states  # 头部实际 yaw/pitch 反馈话题
    status_topic: /mapping/head_lock_status  # 建图头部锁定状态 JSON
    ready_topic: /mapping/head_ready  # 摄像头是否已保持正前方
    yaw_joint: head_yaw_joint  # 头部水平旋转关节名称
    pitch_joint: head_pitch_joint  # 头部俯仰关节名称
    target_yaw: 0.0  # 建图目标 yaw，单位 rad；0 表示正前方
    target_pitch: 0.0  # 建图目标 pitch，单位 rad；0 表示水平
    position_tolerance: 0.0349066  # 允许的位置误差，单位 rad，约 2°
    feedback_timeout: 0.5  # 关节反馈超时，单位 s
    require_feedback: false  # 手持固定支架时为 false，实机闭环头部应设为 true
    command_rate: 5.0  # 建图期间重复发送归中命令的频率，单位 Hz
